// !$*UTF8*$!
{
	archiveVersion = 1;
	classes = {
	};
	objectVersion = 51;
	objects = {

/* Begin PBXBuildFile section */
		6C43AAB2236C35C0008B2C77 /* DataBaseOperations.swift in Sources */ = {isa = PBXBuildFile; fileRef = 6C43AAB1236C35C0008B2C77 /* DataBaseOperations.swift */; };
		6C4A90EB236A2E0300FAD60F /* AlbumsCoordinator.swift in Sources */ = {isa = PBXBuildFile; fileRef = 6C4A90EA236A2E0300FAD60F /* AlbumsCoordinator.swift */; };
		6C4A90ED236ABC1200FAD60F /* ArtistCoordinator.swift in Sources */ = {isa = PBXBuildFile; fileRef = 6C4A90EC236ABC1200FAD60F /* ArtistCoordinator.swift */; };
		6C5C5496236B1E75009E6A44 /* SongsJsonResponse.swift in Sources */ = {isa = PBXBuildFile; fileRef = 6C5C5495236B1E75009E6A44 /* SongsJsonResponse.swift */; };
		6C5C5498236B30C9009E6A44 /* DictionaryExtension.swift in Sources */ = {isa = PBXBuildFile; fileRef = 6C5C5497236B30C9009E6A44 /* DictionaryExtension.swift */; };
		6C60E49F2351B85B007DDCF6 /* AppDelegate.swift in Sources */ = {isa = PBXBuildFile; fileRef = 6C60E49E2351B85B007DDCF6 /* AppDelegate.swift */; };
		6C60E4A82351B85B007DDCF6 /* Assets.xcassets in Resources */ = {isa = PBXBuildFile; fileRef = 6C60E4A72351B85B007DDCF6 /* Assets.xcassets */; };
		6C60E4AB2351B85B007DDCF6 /* LaunchScreen.storyboard in Resources */ = {isa = PBXBuildFile; fileRef = 6C60E4A92351B85B007DDCF6 /* LaunchScreen.storyboard */; };
		6C60E4B62351B85C007DDCF6 /* MiniPlayerTests.swift in Sources */ = {isa = PBXBuildFile; fileRef = 6C60E4B52351B85C007DDCF6 /* MiniPlayerTests.swift */; };
		6C60E4C12351B86E007DDCF6 /* ArtistsApi.swift in Sources */ = {isa = PBXBuildFile; fileRef = 6C60E4C02351B86E007DDCF6 /* ArtistsApi.swift */; };
		6C60E4C32351B8A3007DDCF6 /* ArtistsJsonResponse.swift in Sources */ = {isa = PBXBuildFile; fileRef = 6C60E4C22351B8A3007DDCF6 /* ArtistsJsonResponse.swift */; };
		6C60E4C62351B9D6007DDCF6 /* MiniPlayerViewController.swift in Sources */ = {isa = PBXBuildFile; fileRef = 6C60E4C42351B9D6007DDCF6 /* MiniPlayerViewController.swift */; };
		6C60E4C72351B9D6007DDCF6 /* MiniPlayerViewController.xib in Resources */ = {isa = PBXBuildFile; fileRef = 6C60E4C52351B9D6007DDCF6 /* MiniPlayerViewController.xib */; };
		6C60E4C92351BB11007DDCF6 /* APIClient.swift in Sources */ = {isa = PBXBuildFile; fileRef = 6C60E4C82351BB11007DDCF6 /* APIClient.swift */; };
		6C60E4CC2351C23B007DDCF6 /* ArtistsViewController.swift in Sources */ = {isa = PBXBuildFile; fileRef = 6C60E4CA2351C23B007DDCF6 /* ArtistsViewController.swift */; };
		6C60E4CD2351C23B007DDCF6 /* ArtistsViewController.xib in Resources */ = {isa = PBXBuildFile; fileRef = 6C60E4CB2351C23B007DDCF6 /* ArtistsViewController.xib */; };
		6C60E4CF2351C259007DDCF6 /* UIView+Constrains.swift in Sources */ = {isa = PBXBuildFile; fileRef = 6C60E4CE2351C259007DDCF6 /* UIView+Constrains.swift */; };
		6C60E4D72351C379007DDCF6 /* MainViewController.swift in Sources */ = {isa = PBXBuildFile; fileRef = 6C60E4D52351C379007DDCF6 /* MainViewController.swift */; };
		6C60E4D82351C379007DDCF6 /* MainViewController.xib in Resources */ = {isa = PBXBuildFile; fileRef = 6C60E4D62351C379007DDCF6 /* MainViewController.xib */; };
		6C60E4DD2351C61B007DDCF6 /* RequestBuilder.swift in Sources */ = {isa = PBXBuildFile; fileRef = 6C60E4DC2351C61B007DDCF6 /* RequestBuilder.swift */; };
		6C60E4DF2351CB26007DDCF6 /* ArtistsViewModel.swift in Sources */ = {isa = PBXBuildFile; fileRef = 6C60E4DE2351CB26007DDCF6 /* ArtistsViewModel.swift */; };
		6C60E4E12351CC7C007DDCF6 /* UITableView+Cell.swift in Sources */ = {isa = PBXBuildFile; fileRef = 6C60E4E02351CC7C007DDCF6 /* UITableView+Cell.swift */; };
		6C60E4E42351CCE7007DDCF6 /* ArtistsTableCell.swift in Sources */ = {isa = PBXBuildFile; fileRef = 6C60E4E22351CCE7007DDCF6 /* ArtistsTableCell.swift */; };
		6C60E4E52351CCE7007DDCF6 /* ArtistsTableCell.xib in Resources */ = {isa = PBXBuildFile; fileRef = 6C60E4E32351CCE7007DDCF6 /* ArtistsTableCell.xib */; };
		6C60E4E72351D49D007DDCF6 /* MainCoordinator.swift in Sources */ = {isa = PBXBuildFile; fileRef = 6C60E4E62351D49D007DDCF6 /* MainCoordinator.swift */; };
		6C60E4ED235226A0007DDCF6 /* ImageLoader.swift in Sources */ = {isa = PBXBuildFile; fileRef = 6C60E4EC235226A0007DDCF6 /* ImageLoader.swift */; };
		6C60E4EE235226F1007DDCF6 /* Pods_MusicPlayerDemo.framework in Frameworks */ = {isa = PBXBuildFile; fileRef = 454AC20087976A6444604290 /* Pods_MusicPlayerDemo.framework */; };
		6C60E4EF235226F1007DDCF6 /* Pods_MusicPlayerDemo.framework in Embed Frameworks */ = {isa = PBXBuildFile; fileRef = 454AC20087976A6444604290 /* Pods_MusicPlayerDemo.framework */; settings = {ATTRIBUTES = (RemoveHeadersOnCopy, ); }; };
		6C60E4F423526950007DDCF6 /* SongTableCell.swift in Sources */ = {isa = PBXBuildFile; fileRef = 6C60E4F223526950007DDCF6 /* SongTableCell.swift */; };
		6C60E4F523526950007DDCF6 /* SongTableCell.xib in Resources */ = {isa = PBXBuildFile; fileRef = 6C60E4F323526950007DDCF6 /* SongTableCell.xib */; };
		6C60E4F823526C84007DDCF6 /* SongsViewController.swift in Sources */ = {isa = PBXBuildFile; fileRef = 6C60E4F623526C84007DDCF6 /* SongsViewController.swift */; };
		6C60E4F923526C84007DDCF6 /* SongsViewController.xib in Resources */ = {isa = PBXBuildFile; fileRef = 6C60E4F723526C84007DDCF6 /* SongsViewController.xib */; };
		6C60E4FB23526C97007DDCF6 /* SongsViewModel.swift in Sources */ = {isa = PBXBuildFile; fileRef = 6C60E4FA23526C97007DDCF6 /* SongsViewModel.swift */; };
		6C60E4FE235270C5007DDCF6 /* AudioPlayer.swift in Sources */ = {isa = PBXBuildFile; fileRef = 6C60E4FD235270C5007DDCF6 /* AudioPlayer.swift */; };
		6C60E5002353138C007DDCF6 /* ArtistsViewModelTests.swift in Sources */ = {isa = PBXBuildFile; fileRef = 6C60E4FF2353138C007DDCF6 /* ArtistsViewModelTests.swift */; };
		6C747C9A2368C8E900E33C43 /* Coordinator.swift in Sources */ = {isa = PBXBuildFile; fileRef = 6C747C992368C8E900E33C43 /* Coordinator.swift */; };
		6CA3AA672368CDFA0095CE38 /* AlbumsApi.swift in Sources */ = {isa = PBXBuildFile; fileRef = 6C747C932368C82600E33C43 /* AlbumsApi.swift */; };
		6CA3AA682368CDFA0095CE38 /* AlbumsJsonResponse.swift in Sources */ = {isa = PBXBuildFile; fileRef = 6C747C942368C82600E33C43 /* AlbumsJsonResponse.swift */; };
		6CA3AA692368CDFA0095CE38 /* AlbumsViewController.swift in Sources */ = {isa = PBXBuildFile; fileRef = 6C747C982368C82700E33C43 /* AlbumsViewController.swift */; };
		6CA3AA6A2368CDFA0095CE38 /* AlbumsViewController.xib in Resources */ = {isa = PBXBuildFile; fileRef = 6C747C962368C82700E33C43 /* AlbumsViewController.xib */; };
		6CA3AA6B2368CDFA0095CE38 /* AlbumsViewModel.swift in Sources */ = {isa = PBXBuildFile; fileRef = 6C747C972368C82700E33C43 /* AlbumsViewModel.swift */; };
		6CA3AA702368D1320095CE38 /* AlbumCollectionCell.swift in Sources */ = {isa = PBXBuildFile; fileRef = 6CA3AA6E2368D1320095CE38 /* AlbumCollectionCell.swift */; };
		6CA3AA712368D1320095CE38 /* AlbumCollectionCell.xib in Resources */ = {isa = PBXBuildFile; fileRef = 6CA3AA6F2368D1320095CE38 /* AlbumCollectionCell.xib */; };
		6CD07EDB23539E54005040CF /* ActivityIndicator.swift in Sources */ = {isa = PBXBuildFile; fileRef = 6CD07EDA23539E54005040CF /* ActivityIndicator.swift */; };
		6CD07EDD2353B1CD005040CF /* UIView+layer.swift in Sources */ = {isa = PBXBuildFile; fileRef = 6CD07EDC2353B1CD005040CF /* UIView+layer.swift */; };
		6CD7D454236B432700163DBB /* Pageable.swift in Sources */ = {isa = PBXBuildFile; fileRef = 6CD7D453236B432700163DBB /* Pageable.swift */; };
		6CD7D456236B660600163DBB /* Logger.swift in Sources */ = {isa = PBXBuildFile; fileRef = 6CD7D455236B660600163DBB /* Logger.swift */; };
		6CD7D458236B663800163DBB /* DataExtension.swift in Sources */ = {isa = PBXBuildFile; fileRef = 6CD7D457236B663800163DBB /* DataExtension.swift */; };
		6CD7D45A236B668200163DBB /* NetworkError.swift in Sources */ = {isa = PBXBuildFile; fileRef = 6CD7D459236B668200163DBB /* NetworkError.swift */; };
		DAB0FADC2C32242C3F6D5EDA /* Pods_MusicPlayerDemoTests.framework in Frameworks */ = {isa = PBXBuildFile; fileRef = 991EF841B6DBE37F9A30B49A /* Pods_MusicPlayerDemoTests.framework */; };
/* End PBXBuildFile section */

/* Begin PBXContainerItemProxy section */
		6C60E4B22351B85C007DDCF6 /* PBXContainerItemProxy */ = {
			isa = PBXContainerItemProxy;
			containerPortal = 6C60E4932351B85A007DDCF6 /* Project object */;
			proxyType = 1;
			remoteGlobalIDString = 6C60E49A2351B85B007DDCF6;
			remoteInfo = MusicPlayerDemo;
		};
/* End PBXContainerItemProxy section */

/* Begin PBXCopyFilesBuildPhase section */
		6C60E4F0235226F1007DDCF6 /* Embed Frameworks */ = {
			isa = PBXCopyFilesBuildPhase;
			buildActionMask = 2147483647;
			dstPath = "";
			dstSubfolderSpec = 10;
			files = (
				6C60E4EF235226F1007DDCF6 /* Pods_MusicPlayerDemo.framework in Embed Frameworks */,
			);
			name = "Embed Frameworks";
			runOnlyForDeploymentPostprocessing = 0;
		};
/* End PBXCopyFilesBuildPhase section */

/* Begin PBXFileReference section */
		034EE4CFE8E18D37C5B105F1 /* Pods-MusicPlayerDemo.release.xcconfig */ = {isa = PBXFileReference; includeInIndex = 1; lastKnownFileType = text.xcconfig; name = "Pods-MusicPlayerDemo.release.xcconfig"; path = "Target Support Files/Pods-MusicPlayerDemo/Pods-MusicPlayerDemo.release.xcconfig"; sourceTree = "<group>"; };
		454AC20087976A6444604290 /* Pods_MusicPlayerDemo.framework */ = {isa = PBXFileReference; explicitFileType = wrapper.framework; includeInIndex = 0; path = Pods_MusicPlayerDemo.framework; sourceTree = BUILT_PRODUCTS_DIR; };
		5F134094A9062749AFF9DED1 /* Pods-MusicPlayerDemo.debug.xcconfig */ = {isa = PBXFileReference; includeInIndex = 1; lastKnownFileType = text.xcconfig; name = "Pods-MusicPlayerDemo.debug.xcconfig"; path = "Target Support Files/Pods-MusicPlayerDemo/Pods-MusicPlayerDemo.debug.xcconfig"; sourceTree = "<group>"; };
		6C43AAB1236C35C0008B2C77 /* DataBaseOperations.swift */ = {isa = PBXFileReference; lastKnownFileType = sourcecode.swift; path = DataBaseOperations.swift; sourceTree = "<group>"; };
		6C4A90EA236A2E0300FAD60F /* AlbumsCoordinator.swift */ = {isa = PBXFileReference; lastKnownFileType = sourcecode.swift; path = AlbumsCoordinator.swift; sourceTree = "<group>"; };
		6C4A90EC236ABC1200FAD60F /* ArtistCoordinator.swift */ = {isa = PBXFileReference; lastKnownFileType = sourcecode.swift; path = ArtistCoordinator.swift; sourceTree = "<group>"; };
		6C5C5493236B1D80009E6A44 /* Page.swift */ = {isa = PBXFileReference; lastKnownFileType = sourcecode.swift; path = Page.swift; sourceTree = "<group>"; };
		6C5C5495236B1E75009E6A44 /* SongsJsonResponse.swift */ = {isa = PBXFileReference; lastKnownFileType = sourcecode.swift; path = SongsJsonResponse.swift; sourceTree = "<group>"; };
		6C5C5497236B30C9009E6A44 /* DictionaryExtension.swift */ = {isa = PBXFileReference; lastKnownFileType = sourcecode.swift; path = DictionaryExtension.swift; sourceTree = "<group>"; };
		6C60E49B2351B85B007DDCF6 /* MusicPlayerDemo.app */ = {isa = PBXFileReference; explicitFileType = wrapper.application; includeInIndex = 0; path = MusicPlayerDemo.app; sourceTree = BUILT_PRODUCTS_DIR; };
		6C60E49E2351B85B007DDCF6 /* AppDelegate.swift */ = {isa = PBXFileReference; lastKnownFileType = sourcecode.swift; path = AppDelegate.swift; sourceTree = "<group>"; };
		6C60E4A72351B85B007DDCF6 /* Assets.xcassets */ = {isa = PBXFileReference; lastKnownFileType = folder.assetcatalog; path = Assets.xcassets; sourceTree = "<group>"; };
		6C60E4AA2351B85B007DDCF6 /* Base */ = {isa = PBXFileReference; lastKnownFileType = file.storyboard; name = Base; path = Base.lproj/LaunchScreen.storyboard; sourceTree = "<group>"; };
		6C60E4AC2351B85B007DDCF6 /* Info.plist */ = {isa = PBXFileReference; lastKnownFileType = text.plist.xml; path = Info.plist; sourceTree = "<group>"; };
		6C60E4B12351B85C007DDCF6 /* MusicPlayerDemoTests.xctest */ = {isa = PBXFileReference; explicitFileType = wrapper.cfbundle; includeInIndex = 0; path = MusicPlayerDemoTests.xctest; sourceTree = BUILT_PRODUCTS_DIR; };
		6C60E4B52351B85C007DDCF6 /* MiniPlayerTests.swift */ = {isa = PBXFileReference; lastKnownFileType = sourcecode.swift; path = MiniPlayerTests.swift; sourceTree = "<group>"; };
		6C60E4B72351B85C007DDCF6 /* Info.plist */ = {isa = PBXFileReference; lastKnownFileType = text.plist.xml; path = Info.plist; sourceTree = "<group>"; };
		6C60E4C02351B86E007DDCF6 /* ArtistsApi.swift */ = {isa = PBXFileReference; lastKnownFileType = sourcecode.swift; path = ArtistsApi.swift; sourceTree = "<group>"; };
		6C60E4C22351B8A3007DDCF6 /* ArtistsJsonResponse.swift */ = {isa = PBXFileReference; lastKnownFileType = sourcecode.swift; path = ArtistsJsonResponse.swift; sourceTree = "<group>"; };
		6C60E4C42351B9D6007DDCF6 /* MiniPlayerViewController.swift */ = {isa = PBXFileReference; lastKnownFileType = sourcecode.swift; path = MiniPlayerViewController.swift; sourceTree = "<group>"; };
		6C60E4C52351B9D6007DDCF6 /* MiniPlayerViewController.xib */ = {isa = PBXFileReference; lastKnownFileType = file.xib; path = MiniPlayerViewController.xib; sourceTree = "<group>"; };
		6C60E4C82351BB11007DDCF6 /* APIClient.swift */ = {isa = PBXFileReference; lastKnownFileType = sourcecode.swift; path = APIClient.swift; sourceTree = "<group>"; };
		6C60E4CA2351C23B007DDCF6 /* ArtistsViewController.swift */ = {isa = PBXFileReference; lastKnownFileType = sourcecode.swift; path = ArtistsViewController.swift; sourceTree = "<group>"; };
		6C60E4CB2351C23B007DDCF6 /* ArtistsViewController.xib */ = {isa = PBXFileReference; lastKnownFileType = file.xib; path = ArtistsViewController.xib; sourceTree = "<group>"; };
		6C60E4CE2351C259007DDCF6 /* UIView+Constrains.swift */ = {isa = PBXFileReference; lastKnownFileType = sourcecode.swift; path = "UIView+Constrains.swift"; sourceTree = "<group>"; };
		6C60E4D52351C379007DDCF6 /* MainViewController.swift */ = {isa = PBXFileReference; lastKnownFileType = sourcecode.swift; path = MainViewController.swift; sourceTree = "<group>"; };
		6C60E4D62351C379007DDCF6 /* MainViewController.xib */ = {isa = PBXFileReference; lastKnownFileType = file.xib; path = MainViewController.xib; sourceTree = "<group>"; };
		6C60E4DC2351C61B007DDCF6 /* RequestBuilder.swift */ = {isa = PBXFileReference; lastKnownFileType = sourcecode.swift; path = RequestBuilder.swift; sourceTree = "<group>"; };
		6C60E4DE2351CB26007DDCF6 /* ArtistsViewModel.swift */ = {isa = PBXFileReference; lastKnownFileType = sourcecode.swift; path = ArtistsViewModel.swift; sourceTree = "<group>"; };
		6C60E4E02351CC7C007DDCF6 /* UITableView+Cell.swift */ = {isa = PBXFileReference; lastKnownFileType = sourcecode.swift; path = "UITableView+Cell.swift"; sourceTree = "<group>"; };
		6C60E4E22351CCE7007DDCF6 /* ArtistsTableCell.swift */ = {isa = PBXFileReference; lastKnownFileType = sourcecode.swift; path = ArtistsTableCell.swift; sourceTree = "<group>"; };
		6C60E4E32351CCE7007DDCF6 /* ArtistsTableCell.xib */ = {isa = PBXFileReference; lastKnownFileType = file.xib; path = ArtistsTableCell.xib; sourceTree = "<group>"; };
		6C60E4E62351D49D007DDCF6 /* MainCoordinator.swift */ = {isa = PBXFileReference; lastKnownFileType = sourcecode.swift; path = MainCoordinator.swift; sourceTree = "<group>"; };
		6C60E4EC235226A0007DDCF6 /* ImageLoader.swift */ = {isa = PBXFileReference; lastKnownFileType = sourcecode.swift; path = ImageLoader.swift; sourceTree = "<group>"; };
		6C60E4F223526950007DDCF6 /* SongTableCell.swift */ = {isa = PBXFileReference; lastKnownFileType = sourcecode.swift; path = SongTableCell.swift; sourceTree = "<group>"; };
		6C60E4F323526950007DDCF6 /* SongTableCell.xib */ = {isa = PBXFileReference; lastKnownFileType = file.xib; path = SongTableCell.xib; sourceTree = "<group>"; };
		6C60E4F623526C84007DDCF6 /* SongsViewController.swift */ = {isa = PBXFileReference; lastKnownFileType = sourcecode.swift; path = SongsViewController.swift; sourceTree = "<group>"; };
		6C60E4F723526C84007DDCF6 /* SongsViewController.xib */ = {isa = PBXFileReference; lastKnownFileType = file.xib; path = SongsViewController.xib; sourceTree = "<group>"; };
		6C60E4FA23526C97007DDCF6 /* SongsViewModel.swift */ = {isa = PBXFileReference; lastKnownFileType = sourcecode.swift; path = SongsViewModel.swift; sourceTree = "<group>"; };
		6C60E4FD235270C5007DDCF6 /* AudioPlayer.swift */ = {isa = PBXFileReference; lastKnownFileType = sourcecode.swift; path = AudioPlayer.swift; sourceTree = "<group>"; };
		6C60E4FF2353138C007DDCF6 /* ArtistsViewModelTests.swift */ = {isa = PBXFileReference; lastKnownFileType = sourcecode.swift; path = ArtistsViewModelTests.swift; sourceTree = "<group>"; };
		6C747C932368C82600E33C43 /* AlbumsApi.swift */ = {isa = PBXFileReference; lastKnownFileType = sourcecode.swift; path = AlbumsApi.swift; sourceTree = "<group>"; };
		6C747C942368C82600E33C43 /* AlbumsJsonResponse.swift */ = {isa = PBXFileReference; lastKnownFileType = sourcecode.swift; path = AlbumsJsonResponse.swift; sourceTree = "<group>"; };
		6C747C962368C82700E33C43 /* AlbumsViewController.xib */ = {isa = PBXFileReference; lastKnownFileType = file.xib; path = AlbumsViewController.xib; sourceTree = "<group>"; };
		6C747C972368C82700E33C43 /* AlbumsViewModel.swift */ = {isa = PBXFileReference; lastKnownFileType = sourcecode.swift; path = AlbumsViewModel.swift; sourceTree = "<group>"; };
		6C747C982368C82700E33C43 /* AlbumsViewController.swift */ = {isa = PBXFileReference; lastKnownFileType = sourcecode.swift; path = AlbumsViewController.swift; sourceTree = "<group>"; };
		6C747C992368C8E900E33C43 /* Coordinator.swift */ = {isa = PBXFileReference; lastKnownFileType = sourcecode.swift; path = Coordinator.swift; sourceTree = "<group>"; };
		6CA3AA6E2368D1320095CE38 /* AlbumCollectionCell.swift */ = {isa = PBXFileReference; lastKnownFileType = sourcecode.swift; path = AlbumCollectionCell.swift; sourceTree = "<group>"; };
		6CA3AA6F2368D1320095CE38 /* AlbumCollectionCell.xib */ = {isa = PBXFileReference; lastKnownFileType = file.xib; path = AlbumCollectionCell.xib; sourceTree = "<group>"; };
		6CD07EDA23539E54005040CF /* ActivityIndicator.swift */ = {isa = PBXFileReference; lastKnownFileType = sourcecode.swift; path = ActivityIndicator.swift; sourceTree = "<group>"; };
		6CD07EDC2353B1CD005040CF /* UIView+layer.swift */ = {isa = PBXFileReference; lastKnownFileType = sourcecode.swift; path = "UIView+layer.swift"; sourceTree = "<group>"; };
		6CD7D453236B432700163DBB /* Pageable.swift */ = {isa = PBXFileReference; lastKnownFileType = sourcecode.swift; path = Pageable.swift; sourceTree = "<group>"; };
		6CD7D455236B660600163DBB /* Logger.swift */ = {isa = PBXFileReference; lastKnownFileType = sourcecode.swift; path = Logger.swift; sourceTree = "<group>"; };
		6CD7D457236B663800163DBB /* DataExtension.swift */ = {isa = PBXFileReference; lastKnownFileType = sourcecode.swift; path = DataExtension.swift; sourceTree = "<group>"; };
		6CD7D459236B668200163DBB /* NetworkError.swift */ = {isa = PBXFileReference; lastKnownFileType = sourcecode.swift; path = NetworkError.swift; sourceTree = "<group>"; };
		991EF841B6DBE37F9A30B49A /* Pods_MusicPlayerDemoTests.framework */ = {isa = PBXFileReference; explicitFileType = wrapper.framework; includeInIndex = 0; path = Pods_MusicPlayerDemoTests.framework; sourceTree = BUILT_PRODUCTS_DIR; };
		B0657C80D1383644995781A3 /* Pods-MusicPlayerDemoTests.debug.xcconfig */ = {isa = PBXFileReference; includeInIndex = 1; lastKnownFileType = text.xcconfig; name = "Pods-MusicPlayerDemoTests.debug.xcconfig"; path = "Target Support Files/Pods-MusicPlayerDemoTests/Pods-MusicPlayerDemoTests.debug.xcconfig"; sourceTree = "<group>"; };
		D8595E28E2CF133DD80D3725 /* Pods-MusicPlayerDemoTests.release.xcconfig */ = {isa = PBXFileReference; includeInIndex = 1; lastKnownFileType = text.xcconfig; name = "Pods-MusicPlayerDemoTests.release.xcconfig"; path = "Target Support Files/Pods-MusicPlayerDemoTests/Pods-MusicPlayerDemoTests.release.xcconfig"; sourceTree = "<group>"; };
/* End PBXFileReference section */

/* Begin PBXFrameworksBuildPhase section */
		6C60E4982351B85B007DDCF6 /* Frameworks */ = {
			isa = PBXFrameworksBuildPhase;
			buildActionMask = 2147483647;
			files = (
				6C60E4EE235226F1007DDCF6 /* Pods_MusicPlayerDemo.framework in Frameworks */,
			);
			runOnlyForDeploymentPostprocessing = 0;
		};
		6C60E4AE2351B85C007DDCF6 /* Frameworks */ = {
			isa = PBXFrameworksBuildPhase;
			buildActionMask = 2147483647;
			files = (
				DAB0FADC2C32242C3F6D5EDA /* Pods_MusicPlayerDemoTests.framework in Frameworks */,
			);
			runOnlyForDeploymentPostprocessing = 0;
		};
/* End PBXFrameworksBuildPhase section */

/* Begin PBXGroup section */
		0455D93598D6961B6E540B35 /* Frameworks */ = {
			isa = PBXGroup;
			children = (
				454AC20087976A6444604290 /* Pods_MusicPlayerDemo.framework */,
				991EF841B6DBE37F9A30B49A /* Pods_MusicPlayerDemoTests.framework */,
			);
			name = Frameworks;
			sourceTree = "<group>";
		};
		5FF7F8752829DA7BE89A47C4 /* Pods */ = {
			isa = PBXGroup;
			children = (
				5F134094A9062749AFF9DED1 /* Pods-MusicPlayerDemo.debug.xcconfig */,
				034EE4CFE8E18D37C5B105F1 /* Pods-MusicPlayerDemo.release.xcconfig */,
				B0657C80D1383644995781A3 /* Pods-MusicPlayerDemoTests.debug.xcconfig */,
				D8595E28E2CF133DD80D3725 /* Pods-MusicPlayerDemoTests.release.xcconfig */,
			);
			path = Pods;
			sourceTree = "<group>";
		};
		6C15CBAC236B958700716A03 /* Recovered References */ = {
			isa = PBXGroup;
			children = (
				6C5C5493236B1D80009E6A44 /* Page.swift */,
			);
			name = "Recovered References";
			sourceTree = "<group>";
		};
		6C60E4922351B85A007DDCF6 = {
			isa = PBXGroup;
			children = (
				6C60E49D2351B85B007DDCF6 /* MusicPlayerDemo */,
				6C60E4B42351B85C007DDCF6 /* MusicPlayerDemoTests */,
				6C60E49C2351B85B007DDCF6 /* Products */,
				5FF7F8752829DA7BE89A47C4 /* Pods */,
				0455D93598D6961B6E540B35 /* Frameworks */,
				6C15CBAC236B958700716A03 /* Recovered References */,
			);
			sourceTree = "<group>";
		};
		6C60E49C2351B85B007DDCF6 /* Products */ = {
			isa = PBXGroup;
			children = (
				6C60E49B2351B85B007DDCF6 /* MusicPlayerDemo.app */,
				6C60E4B12351B85C007DDCF6 /* MusicPlayerDemoTests.xctest */,
			);
			name = Products;
			sourceTree = "<group>";
		};
		6C60E49D2351B85B007DDCF6 /* MusicPlayerDemo */ = {
			isa = PBXGroup;
			children = (
				6C60E4FC235270AF007DDCF6 /* mediaplayer */,
				6C60E4DB2351C59E007DDCF6 /* network service */,
				6C60E4D22351C350007DDCF6 /* extensions */,
				6C60E4D02351C33E007DDCF6 /* scenes */,
				6C60E49E2351B85B007DDCF6 /* AppDelegate.swift */,
				6C747C992368C8E900E33C43 /* Coordinator.swift */,
				6C60E4A72351B85B007DDCF6 /* Assets.xcassets */,
				6C60E4A92351B85B007DDCF6 /* LaunchScreen.storyboard */,
				6C60E4AC2351B85B007DDCF6 /* Info.plist */,
			);
			path = MusicPlayerDemo;
			sourceTree = "<group>";
		};
		6C60E4B42351B85C007DDCF6 /* MusicPlayerDemoTests */ = {
			isa = PBXGroup;
			children = (
				6C60E4B72351B85C007DDCF6 /* Info.plist */,
				6C60E4B52351B85C007DDCF6 /* MiniPlayerTests.swift */,
				6C60E4FF2353138C007DDCF6 /* ArtistsViewModelTests.swift */,
			);
			path = MusicPlayerDemoTests;
			sourceTree = "<group>";
		};
		6C60E4D02351C33E007DDCF6 /* scenes */ = {
			isa = PBXGroup;
			children = (
				6C60E4D42351C367007DDCF6 /* main screen */,
				6C60E4D32351C35F007DDCF6 /* artists */,
				6CB30713236898A4002DC96C /* albums */,
				6C60E4F12352693C007DDCF6 /* songs */,
				6C60E4D12351C342007DDCF6 /* mini player */,
			);
			path = scenes;
			sourceTree = "<group>";
		};
		6C60E4D12351C342007DDCF6 /* mini player */ = {
			isa = PBXGroup;
			children = (
				6C60E4C42351B9D6007DDCF6 /* MiniPlayerViewController.swift */,
				6C60E4C52351B9D6007DDCF6 /* MiniPlayerViewController.xib */,
			);
			path = "mini player";
			sourceTree = "<group>";
		};
		6C60E4D22351C350007DDCF6 /* extensions */ = {
			isa = PBXGroup;
			children = (
				6C60E4EB23522694007DDCF6 /* wrappers */,
				6C60E4EA2352267C007DDCF6 /* swifter swift */,
			);
			path = extensions;
			sourceTree = "<group>";
		};
		6C60E4D32351C35F007DDCF6 /* artists */ = {
			isa = PBXGroup;
			children = (
				6C60E4C02351B86E007DDCF6 /* ArtistsApi.swift */,
				6C60E4C22351B8A3007DDCF6 /* ArtistsJsonResponse.swift */,
				6C60E4CA2351C23B007DDCF6 /* ArtistsViewController.swift */,
				6C60E4CB2351C23B007DDCF6 /* ArtistsViewController.xib */,
				6C60E4DE2351CB26007DDCF6 /* ArtistsViewModel.swift */,
				6C60E4E22351CCE7007DDCF6 /* ArtistsTableCell.swift */,
				6C60E4E32351CCE7007DDCF6 /* ArtistsTableCell.xib */,
				6C4A90EC236ABC1200FAD60F /* ArtistCoordinator.swift */,
			);
			path = artists;
			sourceTree = "<group>";
		};
		6C60E4D42351C367007DDCF6 /* main screen */ = {
			isa = PBXGroup;
			children = (
				6C60E4E62351D49D007DDCF6 /* MainCoordinator.swift */,
				6C60E4D52351C379007DDCF6 /* MainViewController.swift */,
				6C60E4D62351C379007DDCF6 /* MainViewController.xib */,
			);
			path = "main screen";
			sourceTree = "<group>";
		};
		6C60E4DB2351C59E007DDCF6 /* network service */ = {
			isa = PBXGroup;
			children = (
				6C60E4C82351BB11007DDCF6 /* APIClient.swift */,
				6C60E4DC2351C61B007DDCF6 /* RequestBuilder.swift */,
				6CD7D453236B432700163DBB /* Pageable.swift */,
				6CD7D459236B668200163DBB /* NetworkError.swift */,
			);
			path = "network service";
			sourceTree = "<group>";
		};
		6C60E4EA2352267C007DDCF6 /* swifter swift */ = {
			isa = PBXGroup;
			children = (
				6C60E4CE2351C259007DDCF6 /* UIView+Constrains.swift */,
				6C60E4E02351CC7C007DDCF6 /* UITableView+Cell.swift */,
				6CD07EDC2353B1CD005040CF /* UIView+layer.swift */,
				6CD7D457236B663800163DBB /* DataExtension.swift */,
				6C5C5497236B30C9009E6A44 /* DictionaryExtension.swift */,
			);
			path = "swifter swift";
			sourceTree = "<group>";
		};
		6C60E4EB23522694007DDCF6 /* wrappers */ = {
			isa = PBXGroup;
			children = (
				6C60E4EC235226A0007DDCF6 /* ImageLoader.swift */,
				6CD07EDA23539E54005040CF /* ActivityIndicator.swift */,
				6CD7D455236B660600163DBB /* Logger.swift */,
				6C43AAB1236C35C0008B2C77 /* DataBaseOperations.swift */,
			);
			path = wrappers;
			sourceTree = "<group>";
		};
		6C60E4F12352693C007DDCF6 /* songs */ = {
			isa = PBXGroup;
			children = (
				6C60E4F223526950007DDCF6 /* SongTableCell.swift */,
				6C60E4F323526950007DDCF6 /* SongTableCell.xib */,
				6C60E4F623526C84007DDCF6 /* SongsViewController.swift */,
				6C60E4F723526C84007DDCF6 /* SongsViewController.xib */,
				6C60E4FA23526C97007DDCF6 /* SongsViewModel.swift */,
				6C5C5495236B1E75009E6A44 /* SongsJsonResponse.swift */,
			);
			path = songs;
			sourceTree = "<group>";
		};
		6C60E4FC235270AF007DDCF6 /* mediaplayer */ = {
			isa = PBXGroup;
			children = (
				6C60E4FD235270C5007DDCF6 /* AudioPlayer.swift */,
			);
			path = mediaplayer;
			sourceTree = "<group>";
		};
		6CB30713236898A4002DC96C /* albums */ = {
			isa = PBXGroup;
			children = (
				6C747C932368C82600E33C43 /* AlbumsApi.swift */,
				6C747C942368C82600E33C43 /* AlbumsJsonResponse.swift */,
				6C747C982368C82700E33C43 /* AlbumsViewController.swift */,
				6C747C962368C82700E33C43 /* AlbumsViewController.xib */,
				6C4A90EA236A2E0300FAD60F /* AlbumsCoordinator.swift */,
				6C747C972368C82700E33C43 /* AlbumsViewModel.swift */,
				6CA3AA6E2368D1320095CE38 /* AlbumCollectionCell.swift */,
				6CA3AA6F2368D1320095CE38 /* AlbumCollectionCell.xib */,
			);
			path = albums;
			sourceTree = "<group>";
		};
/* End PBXGroup section */

/* Begin PBXNativeTarget section */
		6C60E49A2351B85B007DDCF6 /* MusicPlayerDemo */ = {
			isa = PBXNativeTarget;
			buildConfigurationList = 6C60E4BA2351B85C007DDCF6 /* Build configuration list for PBXNativeTarget "MusicPlayerDemo" */;
			buildPhases = (
				2CB81AD37626485EF916A6CA /* [CP] Check Pods Manifest.lock */,
				6C60E4972351B85B007DDCF6 /* Sources */,
				6C60E4982351B85B007DDCF6 /* Frameworks */,
				6C60E4992351B85B007DDCF6 /* Resources */,
				134C69BEC153899A7D130B4A /* [CP] Embed Pods Frameworks */,
				6C60E4F0235226F1007DDCF6 /* Embed Frameworks */,
			);
			buildRules = (
			);
			dependencies = (
			);
			name = MusicPlayerDemo;
			productName = MusicPlayerDemo;
			productReference = 6C60E49B2351B85B007DDCF6 /* MusicPlayerDemo.app */;
			productType = "com.apple.product-type.application";
		};
		6C60E4B02351B85C007DDCF6 /* MusicPlayerDemoTests */ = {
			isa = PBXNativeTarget;
			buildConfigurationList = 6C60E4BD2351B85C007DDCF6 /* Build configuration list for PBXNativeTarget "MusicPlayerDemoTests" */;
			buildPhases = (
				641CEBF1C75E1C521CAC27E9 /* [CP] Check Pods Manifest.lock */,
				6C60E4AD2351B85C007DDCF6 /* Sources */,
				6C60E4AE2351B85C007DDCF6 /* Frameworks */,
				6C60E4AF2351B85C007DDCF6 /* Resources */,
				2A0B4324C7E7552F8E198FA0 /* [CP] Embed Pods Frameworks */,
			);
			buildRules = (
			);
			dependencies = (
				6C60E4B32351B85C007DDCF6 /* PBXTargetDependency */,
			);
			name = MusicPlayerDemoTests;
			productName = MusicPlayerDemoTests;
			productReference = 6C60E4B12351B85C007DDCF6 /* MusicPlayerDemoTests.xctest */;
			productType = "com.apple.product-type.bundle.unit-test";
		};
/* End PBXNativeTarget section */

/* Begin PBXProject section */
		6C60E4932351B85A007DDCF6 /* Project object */ = {
			isa = PBXProject;
			attributes = {
				LastSwiftUpdateCheck = 1110;
				LastUpgradeCheck = 1110;
				ORGANIZATIONNAME = abuzeid;
				TargetAttributes = {
					6C60E49A2351B85B007DDCF6 = {
						CreatedOnToolsVersion = 11.1;
					};
					6C60E4B02351B85C007DDCF6 = {
						CreatedOnToolsVersion = 11.1;
						TestTargetID = 6C60E49A2351B85B007DDCF6;
					};
				};
			};
			buildConfigurationList = 6C60E4962351B85A007DDCF6 /* Build configuration list for PBXProject "MusicPlayerDemo" */;
			compatibilityVersion = "Xcode 9.3";
			developmentRegion = en;
			hasScannedForEncodings = 0;
			knownRegions = (
				en,
				Base,
			);
			mainGroup = 6C60E4922351B85A007DDCF6;
			productRefGroup = 6C60E49C2351B85B007DDCF6 /* Products */;
			projectDirPath = "";
			projectRoot = "";
			targets = (
				6C60E49A2351B85B007DDCF6 /* MusicPlayerDemo */,
				6C60E4B02351B85C007DDCF6 /* MusicPlayerDemoTests */,
			);
		};
/* End PBXProject section */

/* Begin PBXResourcesBuildPhase section */
		6C60E4992351B85B007DDCF6 /* Resources */ = {
			isa = PBXResourcesBuildPhase;
			buildActionMask = 2147483647;
			files = (
				6C60E4F523526950007DDCF6 /* SongTableCell.xib in Resources */,
				6C60E4AB2351B85B007DDCF6 /* LaunchScreen.storyboard in Resources */,
				6C60E4F923526C84007DDCF6 /* SongsViewController.xib in Resources */,
				6CA3AA712368D1320095CE38 /* AlbumCollectionCell.xib in Resources */,
				6C60E4D82351C379007DDCF6 /* MainViewController.xib in Resources */,
				6C60E4CD2351C23B007DDCF6 /* ArtistsViewController.xib in Resources */,
				6C60E4A82351B85B007DDCF6 /* Assets.xcassets in Resources */,
				6C60E4E52351CCE7007DDCF6 /* ArtistsTableCell.xib in Resources */,
				6CA3AA6A2368CDFA0095CE38 /* AlbumsViewController.xib in Resources */,
				6C60E4C72351B9D6007DDCF6 /* MiniPlayerViewController.xib in Resources */,
			);
			runOnlyForDeploymentPostprocessing = 0;
		};
		6C60E4AF2351B85C007DDCF6 /* Resources */ = {
			isa = PBXResourcesBuildPhase;
			buildActionMask = 2147483647;
			files = (
			);
			runOnlyForDeploymentPostprocessing = 0;
		};
/* End PBXResourcesBuildPhase section */

/* Begin PBXShellScriptBuildPhase section */
		134C69BEC153899A7D130B4A /* [CP] Embed Pods Frameworks */ = {
			isa = PBXShellScriptBuildPhase;
			buildActionMask = 2147483647;
			files = (
			);
			inputFileListPaths = (
				"${PODS_ROOT}/Target Support Files/Pods-MusicPlayerDemo/Pods-MusicPlayerDemo-frameworks-${CONFIGURATION}-input-files.xcfilelist",
			);
			name = "[CP] Embed Pods Frameworks";
			outputFileListPaths = (
				"${PODS_ROOT}/Target Support Files/Pods-MusicPlayerDemo/Pods-MusicPlayerDemo-frameworks-${CONFIGURATION}-output-files.xcfilelist",
			);
			runOnlyForDeploymentPostprocessing = 0;
			shellPath = /bin/sh;
			shellScript = "\"${PODS_ROOT}/Target Support Files/Pods-MusicPlayerDemo/Pods-MusicPlayerDemo-frameworks.sh\"\n";
			showEnvVarsInLog = 0;
		};
		2A0B4324C7E7552F8E198FA0 /* [CP] Embed Pods Frameworks */ = {
			isa = PBXShellScriptBuildPhase;
			buildActionMask = 2147483647;
			files = (
			);
			inputFileListPaths = (
				"${PODS_ROOT}/Target Support Files/Pods-MusicPlayerDemoTests/Pods-MusicPlayerDemoTests-frameworks-${CONFIGURATION}-input-files.xcfilelist",
			);
			name = "[CP] Embed Pods Frameworks";
			outputFileListPaths = (
				"${PODS_ROOT}/Target Support Files/Pods-MusicPlayerDemoTests/Pods-MusicPlayerDemoTests-frameworks-${CONFIGURATION}-output-files.xcfilelist",
			);
			runOnlyForDeploymentPostprocessing = 0;
			shellPath = /bin/sh;
			shellScript = "\"${PODS_ROOT}/Target Support Files/Pods-MusicPlayerDemoTests/Pods-MusicPlayerDemoTests-frameworks.sh\"\n";
			showEnvVarsInLog = 0;
		};
		2CB81AD37626485EF916A6CA /* [CP] Check Pods Manifest.lock */ = {
			isa = PBXShellScriptBuildPhase;
			buildActionMask = 2147483647;
			files = (
			);
			inputFileListPaths = (
			);
			inputPaths = (
				"${PODS_PODFILE_DIR_PATH}/Podfile.lock",
				"${PODS_ROOT}/Manifest.lock",
			);
			name = "[CP] Check Pods Manifest.lock";
			outputFileListPaths = (
			);
			outputPaths = (
				"$(DERIVED_FILE_DIR)/Pods-MusicPlayerDemo-checkManifestLockResult.txt",
			);
			runOnlyForDeploymentPostprocessing = 0;
			shellPath = /bin/sh;
			shellScript = "diff \"${PODS_PODFILE_DIR_PATH}/Podfile.lock\" \"${PODS_ROOT}/Manifest.lock\" > /dev/null\nif [ $? != 0 ] ; then\n    # print error to STDERR\n    echo \"error: The sandbox is not in sync with the Podfile.lock. Run 'pod install' or update your CocoaPods installation.\" >&2\n    exit 1\nfi\n# This output is used by Xcode 'outputs' to avoid re-running this script phase.\necho \"SUCCESS\" > \"${SCRIPT_OUTPUT_FILE_0}\"\n";
			showEnvVarsInLog = 0;
		};
		641CEBF1C75E1C521CAC27E9 /* [CP] Check Pods Manifest.lock */ = {
			isa = PBXShellScriptBuildPhase;
			buildActionMask = 2147483647;
			files = (
			);
			inputFileListPaths = (
			);
			inputPaths = (
				"${PODS_PODFILE_DIR_PATH}/Podfile.lock",
				"${PODS_ROOT}/Manifest.lock",
			);
			name = "[CP] Check Pods Manifest.lock";
			outputFileListPaths = (
			);
			outputPaths = (
				"$(DERIVED_FILE_DIR)/Pods-MusicPlayerDemoTests-checkManifestLockResult.txt",
			);
			runOnlyForDeploymentPostprocessing = 0;
			shellPath = /bin/sh;
			shellScript = "diff \"${PODS_PODFILE_DIR_PATH}/Podfile.lock\" \"${PODS_ROOT}/Manifest.lock\" > /dev/null\nif [ $? != 0 ] ; then\n    # print error to STDERR\n    echo \"error: The sandbox is not in sync with the Podfile.lock. Run 'pod install' or update your CocoaPods installation.\" >&2\n    exit 1\nfi\n# This output is used by Xcode 'outputs' to avoid re-running this script phase.\necho \"SUCCESS\" > \"${SCRIPT_OUTPUT_FILE_0}\"\n";
			showEnvVarsInLog = 0;
		};
/* End PBXShellScriptBuildPhase section */

/* Begin PBXSourcesBuildPhase section */
		6C60E4972351B85B007DDCF6 /* Sources */ = {
			isa = PBXSourcesBuildPhase;
			buildActionMask = 2147483647;
			files = (
				6C60E4C92351BB11007DDCF6 /* APIClient.swift in Sources */,
				6CD7D456236B660600163DBB /* Logger.swift in Sources */,
				6C60E4E72351D49D007DDCF6 /* MainCoordinator.swift in Sources */,
				6C4A90ED236ABC1200FAD60F /* ArtistCoordinator.swift in Sources */,
				6C60E4E72351D49D007DDCF6 /* MainCoordinator.swift in Sources */,
				6CA3AA672368CDFA0095CE38 /* AlbumsApi.swift in Sources */,
				6C60E4F823526C84007DDCF6 /* SongsViewController.swift in Sources */,
				6CA3AA6B2368CDFA0095CE38 /* AlbumsViewModel.swift in Sources */,
				6C60E4ED235226A0007DDCF6 /* ImageLoader.swift in Sources */,
				6CD07EDD2353B1CD005040CF /* UIView+layer.swift in Sources */,
				6CA3AA682368CDFA0095CE38 /* AlbumsJsonResponse.swift in Sources */,
				6C60E4C32351B8A3007DDCF6 /* ArtistsJsonResponse.swift in Sources */,
				6CA3AA692368CDFA0095CE38 /* AlbumsViewController.swift in Sources */,
				6C60E4E42351CCE7007DDCF6 /* ArtistsTableCell.swift in Sources */,
				6CA3AA702368D1320095CE38 /* AlbumCollectionCell.swift in Sources */,
				6C60E4DF2351CB26007DDCF6 /* ArtistsViewModel.swift in Sources */,
				6CD7D45A236B668200163DBB /* NetworkError.swift in Sources */,
				6C60E4C62351B9D6007DDCF6 /* MiniPlayerViewController.swift in Sources */,
				6CD7D454236B432700163DBB /* Pageable.swift in Sources */,
				6C5C5496236B1E75009E6A44 /* SongsJsonResponse.swift in Sources */,
				6C43AAB2236C35C0008B2C77 /* DataBaseOperations.swift in Sources */,
				6C60E49F2351B85B007DDCF6 /* AppDelegate.swift in Sources */,
				6C60E4FB23526C97007DDCF6 /* SongsViewModel.swift in Sources */,
				6CD07EDB23539E54005040CF /* ActivityIndicator.swift in Sources */,
				6C4A90EB236A2E0300FAD60F /* AlbumsCoordinator.swift in Sources */,
				6C60E4E12351CC7C007DDCF6 /* UITableView+Cell.swift in Sources */,
				6C60E4C12351B86E007DDCF6 /* ArtistsApi.swift in Sources */,
				6C60E4FE235270C5007DDCF6 /* AudioPlayer.swift in Sources */,
				6C60E4CC2351C23B007DDCF6 /* ArtistsViewController.swift in Sources */,
				6C60E4DD2351C61B007DDCF6 /* RequestBuilder.swift in Sources */,
				6C60E4F423526950007DDCF6 /* SongTableCell.swift in Sources */,
				6C60E4CF2351C259007DDCF6 /* UIView+Constrains.swift in Sources */,
				6CD7D458236B663800163DBB /* DataExtension.swift in Sources */,
				6C5C5498236B30C9009E6A44 /* DictionaryExtension.swift in Sources */,
				6C60E4D72351C379007DDCF6 /* MainViewController.swift in Sources */,
				6C747C9A2368C8E900E33C43 /* Coordinator.swift in Sources */,
			);
			runOnlyForDeploymentPostprocessing = 0;
		};
		6C60E4AD2351B85C007DDCF6 /* Sources */ = {
			isa = PBXSourcesBuildPhase;
			buildActionMask = 2147483647;
			files = (
				6C60E5002353138C007DDCF6 /* ArtistsViewModelTests.swift in Sources */,
				6C60E4B62351B85C007DDCF6 /* MiniPlayerTests.swift in Sources */,
			);
			runOnlyForDeploymentPostprocessing = 0;
		};
/* End PBXSourcesBuildPhase section */

/* Begin PBXTargetDependency section */
		6C60E4B32351B85C007DDCF6 /* PBXTargetDependency */ = {
			isa = PBXTargetDependency;
			target = 6C60E49A2351B85B007DDCF6 /* MusicPlayerDemo */;
			targetProxy = 6C60E4B22351B85C007DDCF6 /* PBXContainerItemProxy */;
		};
/* End PBXTargetDependency section */

/* Begin PBXVariantGroup section */
		6C60E4A92351B85B007DDCF6 /* LaunchScreen.storyboard */ = {
			isa = PBXVariantGroup;
			children = (
				6C60E4AA2351B85B007DDCF6 /* Base */,
			);
			name = LaunchScreen.storyboard;
			sourceTree = "<group>";
		};
/* End PBXVariantGroup section */

/* Begin XCBuildConfiguration section */
		6C60E4B82351B85C007DDCF6 /* Debug */ = {
			isa = XCBuildConfiguration;
			buildSettings = {
				ALWAYS_SEARCH_USER_PATHS = NO;
				CLANG_ANALYZER_NONNULL = YES;
				CLANG_ANALYZER_NUMBER_OBJECT_CONVERSION = YES_AGGRESSIVE;
				CLANG_CXX_LANGUAGE_STANDARD = "gnu++14";
				CLANG_CXX_LIBRARY = "libc++";
				CLANG_ENABLE_MODULES = YES;
				CLANG_ENABLE_OBJC_ARC = YES;
				CLANG_ENABLE_OBJC_WEAK = YES;
				CLANG_WARN_BLOCK_CAPTURE_AUTORELEASING = YES;
				CLANG_WARN_BOOL_CONVERSION = YES;
				CLANG_WARN_COMMA = YES;
				CLANG_WARN_CONSTANT_CONVERSION = YES;
				CLANG_WARN_DEPRECATED_OBJC_IMPLEMENTATIONS = YES;
				CLANG_WARN_DIRECT_OBJC_ISA_USAGE = YES_ERROR;
				CLANG_WARN_DOCUMENTATION_COMMENTS = YES;
				CLANG_WARN_EMPTY_BODY = YES;
				CLANG_WARN_ENUM_CONVERSION = YES;
				CLANG_WARN_INFINITE_RECURSION = YES;
				CLANG_WARN_INT_CONVERSION = YES;
				CLANG_WARN_NON_LITERAL_NULL_CONVERSION = YES;
				CLANG_WARN_OBJC_IMPLICIT_RETAIN_SELF = YES;
				CLANG_WARN_OBJC_LITERAL_CONVERSION = YES;
				CLANG_WARN_OBJC_ROOT_CLASS = YES_ERROR;
				CLANG_WARN_RANGE_LOOP_ANALYSIS = YES;
				CLANG_WARN_STRICT_PROTOTYPES = YES;
				CLANG_WARN_SUSPICIOUS_MOVE = YES;
				CLANG_WARN_UNGUARDED_AVAILABILITY = YES_AGGRESSIVE;
				CLANG_WARN_UNREACHABLE_CODE = YES;
				CLANG_WARN__DUPLICATE_METHOD_MATCH = YES;
				COPY_PHASE_STRIP = NO;
				DEBUG_INFORMATION_FORMAT = dwarf;
				ENABLE_STRICT_OBJC_MSGSEND = YES;
				ENABLE_TESTABILITY = YES;
				GCC_C_LANGUAGE_STANDARD = gnu11;
				GCC_DYNAMIC_NO_PIC = NO;
				GCC_NO_COMMON_BLOCKS = YES;
				GCC_OPTIMIZATION_LEVEL = 0;
				GCC_PREPROCESSOR_DEFINITIONS = (
					"DEBUG=1",
					"$(inherited)",
				);
				GCC_WARN_64_TO_32_BIT_CONVERSION = YES;
				GCC_WARN_ABOUT_RETURN_TYPE = YES_ERROR;
				GCC_WARN_UNDECLARED_SELECTOR = YES;
				GCC_WARN_UNINITIALIZED_AUTOS = YES_AGGRESSIVE;
				GCC_WARN_UNUSED_FUNCTION = YES;
				GCC_WARN_UNUSED_VARIABLE = YES;
				IPHONEOS_DEPLOYMENT_TARGET = 12.0;
				MTL_ENABLE_DEBUG_INFO = INCLUDE_SOURCE;
				MTL_FAST_MATH = YES;
				ONLY_ACTIVE_ARCH = YES;
				SDKROOT = iphoneos;
				SWIFT_ACTIVE_COMPILATION_CONDITIONS = DEBUG;
				SWIFT_OPTIMIZATION_LEVEL = "-Onone";
			};
			name = Debug;
		};
		6C60E4B92351B85C007DDCF6 /* Release */ = {
			isa = XCBuildConfiguration;
			buildSettings = {
				ALWAYS_SEARCH_USER_PATHS = NO;
				CLANG_ANALYZER_NONNULL = YES;
				CLANG_ANALYZER_NUMBER_OBJECT_CONVERSION = YES_AGGRESSIVE;
				CLANG_CXX_LANGUAGE_STANDARD = "gnu++14";
				CLANG_CXX_LIBRARY = "libc++";
				CLANG_ENABLE_MODULES = YES;
				CLANG_ENABLE_OBJC_ARC = YES;
				CLANG_ENABLE_OBJC_WEAK = YES;
				CLANG_WARN_BLOCK_CAPTURE_AUTORELEASING = YES;
				CLANG_WARN_BOOL_CONVERSION = YES;
				CLANG_WARN_COMMA = YES;
				CLANG_WARN_CONSTANT_CONVERSION = YES;
				CLANG_WARN_DEPRECATED_OBJC_IMPLEMENTATIONS = YES;
				CLANG_WARN_DIRECT_OBJC_ISA_USAGE = YES_ERROR;
				CLANG_WARN_DOCUMENTATION_COMMENTS = YES;
				CLANG_WARN_EMPTY_BODY = YES;
				CLANG_WARN_ENUM_CONVERSION = YES;
				CLANG_WARN_INFINITE_RECURSION = YES;
				CLANG_WARN_INT_CONVERSION = YES;
				CLANG_WARN_NON_LITERAL_NULL_CONVERSION = YES;
				CLANG_WARN_OBJC_IMPLICIT_RETAIN_SELF = YES;
				CLANG_WARN_OBJC_LITERAL_CONVERSION = YES;
				CLANG_WARN_OBJC_ROOT_CLASS = YES_ERROR;
				CLANG_WARN_RANGE_LOOP_ANALYSIS = YES;
				CLANG_WARN_STRICT_PROTOTYPES = YES;
				CLANG_WARN_SUSPICIOUS_MOVE = YES;
				CLANG_WARN_UNGUARDED_AVAILABILITY = YES_AGGRESSIVE;
				CLANG_WARN_UNREACHABLE_CODE = YES;
				CLANG_WARN__DUPLICATE_METHOD_MATCH = YES;
				COPY_PHASE_STRIP = NO;
				DEBUG_INFORMATION_FORMAT = "dwarf-with-dsym";
				ENABLE_NS_ASSERTIONS = NO;
				ENABLE_STRICT_OBJC_MSGSEND = YES;
				GCC_C_LANGUAGE_STANDARD = gnu11;
				GCC_NO_COMMON_BLOCKS = YES;
				GCC_WARN_64_TO_32_BIT_CONVERSION = YES;
				GCC_WARN_ABOUT_RETURN_TYPE = YES_ERROR;
				GCC_WARN_UNDECLARED_SELECTOR = YES;
				GCC_WARN_UNINITIALIZED_AUTOS = YES_AGGRESSIVE;
				GCC_WARN_UNUSED_FUNCTION = YES;
				GCC_WARN_UNUSED_VARIABLE = YES;
				IPHONEOS_DEPLOYMENT_TARGET = 12.0;
				MTL_ENABLE_DEBUG_INFO = NO;
				MTL_FAST_MATH = YES;
				SDKROOT = iphoneos;
				SWIFT_COMPILATION_MODE = wholemodule;
				SWIFT_OPTIMIZATION_LEVEL = "-O";
				VALIDATE_PRODUCT = YES;
			};
			name = Release;
		};
		6C60E4BB2351B85C007DDCF6 /* Debug */ = {
			isa = XCBuildConfiguration;
			baseConfigurationReference = 5F134094A9062749AFF9DED1 /* Pods-MusicPlayerDemo.debug.xcconfig */;
			buildSettings = {
				ASSETCATALOG_COMPILER_APPICON_NAME = AppIcon;
				CODE_SIGN_STYLE = Automatic;
				DEVELOPMENT_TEAM = 475YN7ANSF;
				INFOPLIST_FILE = MusicPlayerDemo/Info.plist;
				LD_RUNPATH_SEARCH_PATHS = (
					"$(inherited)",
					"@executable_path/Frameworks",
				);
				PRODUCT_BUNDLE_IDENTIFIER = abuzeid.MusicPlayerDemo;
				PRODUCT_NAME = "$(TARGET_NAME)";
				SWIFT_VERSION = 5.0;
				TARGETED_DEVICE_FAMILY = "1,2";
			};
			name = Debug;
		};
		6C60E4BC2351B85C007DDCF6 /* Release */ = {
			isa = XCBuildConfiguration;
			baseConfigurationReference = 034EE4CFE8E18D37C5B105F1 /* Pods-MusicPlayerDemo.release.xcconfig */;
			buildSettings = {
				ASSETCATALOG_COMPILER_APPICON_NAME = AppIcon;
				CODE_SIGN_STYLE = Automatic;
				DEVELOPMENT_TEAM = 475YN7ANSF;
				INFOPLIST_FILE = MusicPlayerDemo/Info.plist;
				LD_RUNPATH_SEARCH_PATHS = (
					"$(inherited)",
					"@executable_path/Frameworks",
				);
				PRODUCT_BUNDLE_IDENTIFIER = abuzeid.MusicPlayerDemo;
				PRODUCT_NAME = "$(TARGET_NAME)";
				SWIFT_VERSION = 5.0;
				TARGETED_DEVICE_FAMILY = "1,2";
			};
			name = Release;
		};
		6C60E4BE2351B85C007DDCF6 /* Debug */ = {
			isa = XCBuildConfiguration;
			baseConfigurationReference = B0657C80D1383644995781A3 /* Pods-MusicPlayerDemoTests.debug.xcconfig */;
			buildSettings = {
				ALWAYS_EMBED_SWIFT_STANDARD_LIBRARIES = YES;
				BUNDLE_LOADER = "$(TEST_HOST)";
				CODE_SIGN_STYLE = Automatic;
				INFOPLIST_FILE = MusicPlayerDemoTests/Info.plist;
				IPHONEOS_DEPLOYMENT_TARGET = 12.0;
				LD_RUNPATH_SEARCH_PATHS = (
					"$(inherited)",
					"@executable_path/Frameworks",
					"@loader_path/Frameworks",
				);
				PRODUCT_BUNDLE_IDENTIFIER = abuzeid.MusicPlayerDemoTests;
				PRODUCT_NAME = "$(TARGET_NAME)";
				SWIFT_VERSION = 5.0;
				TARGETED_DEVICE_FAMILY = "1,2";
				TEST_HOST = "$(BUILT_PRODUCTS_DIR)/MusicPlayerDemo.app/MusicPlayerDemo";
			};
			name = Debug;
		};
		6C60E4BF2351B85C007DDCF6 /* Release */ = {
			isa = XCBuildConfiguration;
			baseConfigurationReference = D8595E28E2CF133DD80D3725 /* Pods-MusicPlayerDemoTests.release.xcconfig */;
			buildSettings = {
				ALWAYS_EMBED_SWIFT_STANDARD_LIBRARIES = YES;
				BUNDLE_LOADER = "$(TEST_HOST)";
				CODE_SIGN_STYLE = Automatic;
				INFOPLIST_FILE = MusicPlayerDemoTests/Info.plist;
				IPHONEOS_DEPLOYMENT_TARGET = 12.0;
				LD_RUNPATH_SEARCH_PATHS = (
					"$(inherited)",
					"@executable_path/Frameworks",
					"@loader_path/Frameworks",
				);
				PRODUCT_BUNDLE_IDENTIFIER = abuzeid.MusicPlayerDemoTests;
				PRODUCT_NAME = "$(TARGET_NAME)";
				SWIFT_VERSION = 5.0;
				TARGETED_DEVICE_FAMILY = "1,2";
				TEST_HOST = "$(BUILT_PRODUCTS_DIR)/MusicPlayerDemo.app/MusicPlayerDemo";
			};
			name = Release;
		};
/* End XCBuildConfiguration section */

/* Begin XCConfigurationList section */
		6C60E4962351B85A007DDCF6 /* Build configuration list for PBXProject "MusicPlayerDemo" */ = {
			isa = XCConfigurationList;
			buildConfigurations = (
				6C60E4B82351B85C007DDCF6 /* Debug */,
				6C60E4B92351B85C007DDCF6 /* Release */,
			);
			defaultConfigurationIsVisible = 0;
			defaultConfigurationName = Release;
		};
		6C60E4BA2351B85C007DDCF6 /* Build configuration list for PBXNativeTarget "MusicPlayerDemo" */ = {
			isa = XCConfigurationList;
			buildConfigurations = (
				6C60E4BB2351B85C007DDCF6 /* Debug */,
				6C60E4BC2351B85C007DDCF6 /* Release */,
			);
			defaultConfigurationIsVisible = 0;
			defaultConfigurationName = Release;
		};
		6C60E4BD2351B85C007DDCF6 /* Build configuration list for PBXNativeTarget "MusicPlayerDemoTests" */ = {
			isa = XCConfigurationList;
			buildConfigurations = (
				6C60E4BE2351B85C007DDCF6 /* Debug */,
				6C60E4BF2351B85C007DDCF6 /* Release */,
			);
			defaultConfigurationIsVisible = 0;
			defaultConfigurationName = Release;
		};
/* End XCConfigurationList section */
	};
	rootObject = 6C60E4932351B85A007DDCF6 /* Project object */;
}
